
Microsoft Visual Studio Solution File, Format Version 12.00
# Visual Studio Version 16
VisualStudioVersion = 16.0.31624.102
MinimumVisualStudioVersion = 10.0.40219.1
Project("{FAE04EC0-301F-11D3-BF4B-00C04F79EFBC}") = "ejemplo1", "ejemplo1\ejemplo1.csproj", "{2E14254C-C354-4381-8D15-3DE0F76951EB}"
EndProject
Global
	GlobalSection(SolutionConfigurationPlatforms) = preSolution
		Debug|Any CPU = Debug|Any CPU
		Release|Any CPU = Release|Any CPU
	EndGlobalSection
	GlobalSection(ProjectConfigurationPlatforms) = postSolution
		{2E14254C-C354-4381-8D15-3DE0F76951EB}.Debug|Any CPU.ActiveCfg = Debug|Any CPU
		{2E14254C-C354-4381-8D15-3DE0F76951EB}.Debug|Any CPU.Build.0 = Debug|Any CPU
		{2E14254C-C354-4381-8D15-3DE0F76951EB}.Release|Any CPU.ActiveCfg = Release|Any CPU
		{2E14254C-C354-4381-8D15-3DE0F76951EB}.Release|Any CPU.Build.0 = Release|Any CPU
	EndGlobalSection
	GlobalSection(SolutionProperties) = preSolution
		HideSolutionNode = FALSE
	EndGlobalSection
	GlobalSection(ExtensibilityGlobals) = postSolution
		SolutionGuid = {D6D8CA92-46C7-4C28-A014-1B52511751C4}
	EndGlobalSection
EndGlobal
